{
  "lib/Pendle-SY-Public": {
    "rev": "f3275e6659e2cd2aa346893428830bbba42b0c65"
  },
  "lib/forge-std": {
    "rev": "77041d2ce690e692d6e03cc812b57d1ddaa4d505"
  },
  "lib/openzeppelin-contracts": {
    "rev": "fd81a96f01cc42ef1c9a5399364968d0e07e9e90"
  },
  "lib/openzeppelin-contracts-upgradeable": {
    "rev": "3d4c0d5741b131c231e558d7a6213392ab3672a5"
  }
}